
Microsoft Visual Studio Solution File, Format Version 12.00
# Visual Studio Version 17
VisualStudioVersion = 17.5.33516.290
MinimumVisualStudioVersion = 10.0.40219.1
Project("{FAE04EC0-301F-11D3-BF4B-00C04F79EFBC}") = "Numeros Azarados", "Numeros Azarados.csproj", "{354A600E-92AF-4B96-9A7D-AB22E2428D59}"
EndProject
Global
	GlobalSection(SolutionConfigurationPlatforms) = preSolution
		Debug|Any CPU = Debug|Any CPU
		Release|Any CPU = Release|Any CPU
	EndGlobalSection
	GlobalSection(ProjectConfigurationPlatforms) = postSolution
		{354A600E-92AF-4B96-9A7D-AB22E2428D59}.Debug|Any CPU.ActiveCfg = Debug|Any CPU
		{354A600E-92AF-4B96-9A7D-AB22E2428D59}.Debug|Any CPU.Build.0 = Debug|Any CPU
		{354A600E-92AF-4B96-9A7D-AB22E2428D59}.Release|Any CPU.ActiveCfg = Release|Any CPU
		{354A600E-92AF-4B96-9A7D-AB22E2428D59}.Release|Any CPU.Build.0 = Release|Any CPU
	EndGlobalSection
	GlobalSection(SolutionProperties) = preSolution
		HideSolutionNode = FALSE
	EndGlobalSection
	GlobalSection(ExtensibilityGlobals) = postSolution
		SolutionGuid = {CEB7978B-8F64-40D4-B328-568C7D08E07A}
	EndGlobalSection
EndGlobal
